
Microsoft Visual Studio Solution File, Format Version 12.00
# Visual Studio 2012
Project("{FAE04EC0-301F-11D3-BF4B-00C04F79EFBC}") = "AzureMediaServicesSampleApp.iOS", "AzureMediaServicesSampleApp.iOS\AzureMediaServicesSampleApp.iOS.csproj", "{98DB831E-054F-4597-8B61-92FFFA485F8D}"
EndProject
Project("{FAE04EC0-301F-11D3-BF4B-00C04F79EFBC}") = "AzureMediaServicesSampleApp.Droid", "AzureMediaServicesSampleApp.Droid\AzureMediaServicesSampleApp.Droid.csproj", "{1FD7A05A-5F83-4458-8278-4457E0E3C5F8}"
EndProject
Project("{FAE04EC0-301F-11D3-BF4B-00C04F79EFBC}") = "AzureMediaServicesSampleApp", "AzureMediaServicesSampleApp\AzureMediaServicesSampleApp.csproj", "{F077C21C-BC6A-48E8-8B14-30DB200C4EA2}"
EndProject
Project("{2150E333-8FDC-42A3-9474-1A3956D46DE8}") = "Solution Items", "Solution Items", "{576A8A59-62B2-4FCE-8AD9-3DC4784C63DE}"
	ProjectSection(SolutionItems) = preProject
		Directory.Build.props = Directory.Build.props
	EndProjectSection
EndProject
Global
	GlobalSection(SolutionConfigurationPlatforms) = preSolution
		Debug|Any CPU = Debug|Any CPU
		Release|Any CPU = Release|Any CPU
		Debug|iPhoneSimulator = Debug|iPhoneSimulator
		Release|iPhone = Release|iPhone
		Release|iPhoneSimulator = Release|iPhoneSimulator
		Debug|iPhone = Debug|iPhone
	EndGlobalSection
	GlobalSection(ProjectConfigurationPlatforms) = postSolution
		{98DB831E-054F-4597-8B61-92FFFA485F8D}.Debug|Any CPU.ActiveCfg = Debug|iPhoneSimulator
		{98DB831E-054F-4597-8B61-92FFFA485F8D}.Debug|Any CPU.Build.0 = Debug|iPhoneSimulator
		{98DB831E-054F-4597-8B61-92FFFA485F8D}.Release|Any CPU.ActiveCfg = Release|iPhone
		{98DB831E-054F-4597-8B61-92FFFA485F8D}.Release|Any CPU.Build.0 = Release|iPhone
		{98DB831E-054F-4597-8B61-92FFFA485F8D}.Debug|iPhoneSimulator.ActiveCfg = Debug|iPhoneSimulator
		{98DB831E-054F-4597-8B61-92FFFA485F8D}.Debug|iPhoneSimulator.Build.0 = Debug|iPhoneSimulator
		{98DB831E-054F-4597-8B61-92FFFA485F8D}.Release|iPhone.ActiveCfg = Release|iPhone
		{98DB831E-054F-4597-8B61-92FFFA485F8D}.Release|iPhone.Build.0 = Release|iPhone
		{98DB831E-054F-4597-8B61-92FFFA485F8D}.Release|iPhoneSimulator.ActiveCfg = Release|iPhoneSimulator
		{98DB831E-054F-4597-8B61-92FFFA485F8D}.Release|iPhoneSimulator.Build.0 = Release|iPhoneSimulator
		{98DB831E-054F-4597-8B61-92FFFA485F8D}.Debug|iPhone.ActiveCfg = Debug|iPhone
		{98DB831E-054F-4597-8B61-92FFFA485F8D}.Debug|iPhone.Build.0 = Debug|iPhone
		{1FD7A05A-5F83-4458-8278-4457E0E3C5F8}.Debug|Any CPU.ActiveCfg = Debug|Any CPU
		{1FD7A05A-5F83-4458-8278-4457E0E3C5F8}.Debug|Any CPU.Build.0 = Debug|Any CPU
		{1FD7A05A-5F83-4458-8278-4457E0E3C5F8}.Release|Any CPU.ActiveCfg = Release|Any CPU
		{1FD7A05A-5F83-4458-8278-4457E0E3C5F8}.Release|Any CPU.Build.0 = Release|Any CPU
		{1FD7A05A-5F83-4458-8278-4457E0E3C5F8}.Debug|iPhoneSimulator.ActiveCfg = Debug|Any CPU
		{1FD7A05A-5F83-4458-8278-4457E0E3C5F8}.Debug|iPhoneSimulator.Build.0 = Debug|Any CPU
		{1FD7A05A-5F83-4458-8278-4457E0E3C5F8}.Release|iPhone.ActiveCfg = Release|Any CPU
		{1FD7A05A-5F83-4458-8278-4457E0E3C5F8}.Release|iPhone.Build.0 = Release|Any CPU
		{1FD7A05A-5F83-4458-8278-4457E0E3C5F8}.Release|iPhoneSimulator.ActiveCfg = Release|Any CPU
		{1FD7A05A-5F83-4458-8278-4457E0E3C5F8}.Release|iPhoneSimulator.Build.0 = Release|Any CPU
		{1FD7A05A-5F83-4458-8278-4457E0E3C5F8}.Debug|iPhone.ActiveCfg = Debug|Any CPU
		{1FD7A05A-5F83-4458-8278-4457E0E3C5F8}.Debug|iPhone.Build.0 = Debug|Any CPU
		{F077C21C-BC6A-48E8-8B14-30DB200C4EA2}.Debug|Any CPU.ActiveCfg = Debug|Any CPU
		{F077C21C-BC6A-48E8-8B14-30DB200C4EA2}.Debug|Any CPU.Build.0 = Debug|Any CPU
		{F077C21C-BC6A-48E8-8B14-30DB200C4EA2}.Release|Any CPU.ActiveCfg = Release|Any CPU
		{F077C21C-BC6A-48E8-8B14-30DB200C4EA2}.Release|Any CPU.Build.0 = Release|Any CPU
		{F077C21C-BC6A-48E8-8B14-30DB200C4EA2}.Debug|iPhoneSimulator.ActiveCfg = Debug|Any CPU
		{F077C21C-BC6A-48E8-8B14-30DB200C4EA2}.Debug|iPhoneSimulator.Build.0 = Debug|Any CPU
		{F077C21C-BC6A-48E8-8B14-30DB200C4EA2}.Release|iPhone.ActiveCfg = Release|Any CPU
		{F077C21C-BC6A-48E8-8B14-30DB200C4EA2}.Release|iPhone.Build.0 = Release|Any CPU
		{F077C21C-BC6A-48E8-8B14-30DB200C4EA2}.Release|iPhoneSimulator.ActiveCfg = Release|Any CPU
		{F077C21C-BC6A-48E8-8B14-30DB200C4EA2}.Release|iPhoneSimulator.Build.0 = Release|Any CPU
		{F077C21C-BC6A-48E8-8B14-30DB200C4EA2}.Debug|iPhone.ActiveCfg = Debug|Any CPU
		{F077C21C-BC6A-48E8-8B14-30DB200C4EA2}.Debug|iPhone.Build.0 = Debug|Any CPU
	EndGlobalSection
EndGlobal
